
Microsoft Visual Studio Solution File, Format Version 12.00
# Visual Studio Version 17
VisualStudioVersion = 17.0.31903.59
MinimumVisualStudioVersion = 10.0.40219.1
Project("{2150E333-8FDC-42A3-9474-1A3956D46DE8}") = "Modules", "Modules", "{3855EB0B-40D0-48B4-8452-3F50CC574653}"
EndProject
Project("{FAE04EC0-301F-11D3-BF4B-00C04F79EFBC}") = "FastFood.WebApi", "src\FastFood.WebApi\FastFood.WebApi.csproj", "{2628FFE4-EFAD-4CF5-9E64-9890616912B3}"
EndProject
Project("{2150E333-8FDC-42A3-9474-1A3956D46DE8}") = "Common", "Common", "{DFC86D68-E76C-48B4-B36D-5B3EBBD456DF}"
EndProject
Project("{2150E333-8FDC-42A3-9474-1A3956D46DE8}") = "Catalogo", "Catalogo", "{3361DC6B-FAB8-48F3-85A9-D7F082098CC8}"
EndProject
Project("{2150E333-8FDC-42A3-9474-1A3956D46DE8}") = "Adapters", "Adapters", "{23FB2A5D-B2D0-4021-8E8B-94DDE10D710F}"
EndProject
Project("{2150E333-8FDC-42A3-9474-1A3956D46DE8}") = "Core", "Core", "{17B76C8B-CD3E-4A15-B7CA-50A920D6E2A2}"
EndProject
Project("{2150E333-8FDC-42A3-9474-1A3956D46DE8}") = "Tests", "Tests", "{70EDC5BE-A4B8-4F53-BCCA-2F92632930C5}"
EndProject
Project("{2150E333-8FDC-42A3-9474-1A3956D46DE8}") = "Driven", "Driven", "{C778699F-64BE-4B58-B380-C38C9085269D}"
EndProject
Project("{2150E333-8FDC-42A3-9474-1A3956D46DE8}") = "Driver", "Driver", "{1859F2A5-9880-407A-8016-2B01D5F82077}"
EndProject
Project("{FAE04EC0-301F-11D3-BF4B-00C04F79EFBC}") = "FastFood.Contracts", "src\FastFood.Contracts\FastFood.Contracts.csproj", "{9EDACCFA-97BF-495E-89FC-57F551A1D95D}"
EndProject
Project("{FAE04EC0-301F-11D3-BF4B-00C04F79EFBC}") = "FastFood.Catalogo.Infrastructure", "src\Modules\Catalogo\src\FastFood.Catalogo.Infrastructure\FastFood.Catalogo.Infrastructure.csproj", "{CA4BC242-C07B-492E-887D-2F8D18D26C04}"
EndProject
Project("{FAE04EC0-301F-11D3-BF4B-00C04F79EFBC}") = "FastFood.Catalogo.Endpoints", "src\Modules\Catalogo\src\FastFood.Catalogo.Endpoints\FastFood.Catalogo.Endpoints.csproj", "{A705502D-8F47-4E7B-9587-19548CB5FA83}"
EndProject
Project("{FAE04EC0-301F-11D3-BF4B-00C04F79EFBC}") = "FastFood.Catalogo.Application", "src\Modules\Catalogo\src\FastFood.Catalogo.Application\FastFood.Catalogo.Application.csproj", "{23495748-9938-4357-AC84-D3774BF179D1}"
EndProject
Project("{FAE04EC0-301F-11D3-BF4B-00C04F79EFBC}") = "FastFood.Catalogo.Domain", "src\Modules\Catalogo\src\FastFood.Catalogo.Domain\FastFood.Catalogo.Domain.csproj", "{6CFB8DD2-EE07-490B-913F-07F7EF272F51}"
EndProject
Project("{FAE04EC0-301F-11D3-BF4B-00C04F79EFBC}") = "FastFood.Catalogo.Tests", "src\Modules\Catalogo\test\FastFood.Catalogo.Tests\FastFood.Catalogo.Tests.csproj", "{85E6E5AF-BA3B-43D3-B9E2-2FCAE0576950}"
EndProject
Project("{2150E333-8FDC-42A3-9474-1A3956D46DE8}") = "Pedidos", "Pedidos", "{E5CAD3F3-2084-47D5-B297-C452083F9AA8}"
EndProject
Project("{2150E333-8FDC-42A3-9474-1A3956D46DE8}") = "Adapters", "Adapters", "{FBDE66A1-8CB8-491E-AC27-5B5B6FB8590F}"
EndProject
Project("{2150E333-8FDC-42A3-9474-1A3956D46DE8}") = "Core", "Core", "{2CE3376A-2E1F-4B8A-8FB8-2482192235DD}"
EndProject
Project("{2150E333-8FDC-42A3-9474-1A3956D46DE8}") = "Tests", "Tests", "{FF1B3379-2A6C-414C-9FC6-62E7A4F864E4}"
EndProject
Project("{2150E333-8FDC-42A3-9474-1A3956D46DE8}") = "Driven", "Driven", "{D7860CC9-93F8-4BB2-BDCE-FA93B11F2093}"
EndProject
Project("{2150E333-8FDC-42A3-9474-1A3956D46DE8}") = "Driver", "Driver", "{FDC572E2-9A2C-4CE5-8E3C-A26D7AE70A1A}"
EndProject
Project("{FAE04EC0-301F-11D3-BF4B-00C04F79EFBC}") = "FastFood.Pedidos.Infrastructure", "src\Modules\Pedidos\src\FastFood.Pedidos.Infrastructure\FastFood.Pedidos.Infrastructure.csproj", "{18B42EB0-22F2-4056-A9AE-5FCBD4749650}"
EndProject
Project("{FAE04EC0-301F-11D3-BF4B-00C04F79EFBC}") = "FastFood.Pedidos.Endpoints", "src\Modules\Pedidos\src\FastFood.Pedidos.Endpoints\FastFood.Pedidos.Endpoints.csproj", "{ED3D35B9-EC92-42CC-A69F-8F3B32670ED4}"
EndProject
Project("{FAE04EC0-301F-11D3-BF4B-00C04F79EFBC}") = "FastFood.Pedidos.Domain", "src\Modules\Pedidos\src\FastFood.Pedidos.Domain\FastFood.Pedidos.Domain.csproj", "{CDC57A80-B9A3-4DD2-8801-720657C5B84C}"
EndProject
Project("{FAE04EC0-301F-11D3-BF4B-00C04F79EFBC}") = "FastFood.Pedidos.Application", "src\Modules\Pedidos\src\FastFood.Pedidos.Application\FastFood.Pedidos.Application.csproj", "{7BF922E3-60EF-47C6-A071-480EC0D04ABB}"
EndProject
Project("{FAE04EC0-301F-11D3-BF4B-00C04F79EFBC}") = "FastFood.Pedidos.Tests", "src\Modules\Pedidos\test\FastFood.Pedidos.Tests\FastFood.Pedidos.Tests.csproj", "{078F21E7-1E7B-4575-8AA0-3C9FE1477CBE}"
EndProject
Global
	GlobalSection(SolutionConfigurationPlatforms) = preSolution
		Debug|Any CPU = Debug|Any CPU
		Release|Any CPU = Release|Any CPU
	EndGlobalSection
	GlobalSection(ProjectConfigurationPlatforms) = postSolution
		{2628FFE4-EFAD-4CF5-9E64-9890616912B3}.Debug|Any CPU.ActiveCfg = Debug|Any CPU
		{2628FFE4-EFAD-4CF5-9E64-9890616912B3}.Debug|Any CPU.Build.0 = Debug|Any CPU
		{2628FFE4-EFAD-4CF5-9E64-9890616912B3}.Release|Any CPU.ActiveCfg = Release|Any CPU
		{2628FFE4-EFAD-4CF5-9E64-9890616912B3}.Release|Any CPU.Build.0 = Release|Any CPU
		{9EDACCFA-97BF-495E-89FC-57F551A1D95D}.Debug|Any CPU.ActiveCfg = Debug|Any CPU
		{9EDACCFA-97BF-495E-89FC-57F551A1D95D}.Debug|Any CPU.Build.0 = Debug|Any CPU
		{9EDACCFA-97BF-495E-89FC-57F551A1D95D}.Release|Any CPU.ActiveCfg = Release|Any CPU
		{9EDACCFA-97BF-495E-89FC-57F551A1D95D}.Release|Any CPU.Build.0 = Release|Any CPU
		{CA4BC242-C07B-492E-887D-2F8D18D26C04}.Debug|Any CPU.ActiveCfg = Debug|Any CPU
		{CA4BC242-C07B-492E-887D-2F8D18D26C04}.Debug|Any CPU.Build.0 = Debug|Any CPU
		{CA4BC242-C07B-492E-887D-2F8D18D26C04}.Release|Any CPU.ActiveCfg = Release|Any CPU
		{CA4BC242-C07B-492E-887D-2F8D18D26C04}.Release|Any CPU.Build.0 = Release|Any CPU
		{A705502D-8F47-4E7B-9587-19548CB5FA83}.Debug|Any CPU.ActiveCfg = Debug|Any CPU
		{A705502D-8F47-4E7B-9587-19548CB5FA83}.Debug|Any CPU.Build.0 = Debug|Any CPU
		{A705502D-8F47-4E7B-9587-19548CB5FA83}.Release|Any CPU.ActiveCfg = Release|Any CPU
		{A705502D-8F47-4E7B-9587-19548CB5FA83}.Release|Any CPU.Build.0 = Release|Any CPU
		{23495748-9938-4357-AC84-D3774BF179D1}.Debug|Any CPU.ActiveCfg = Debug|Any CPU
		{23495748-9938-4357-AC84-D3774BF179D1}.Debug|Any CPU.Build.0 = Debug|Any CPU
		{23495748-9938-4357-AC84-D3774BF179D1}.Release|Any CPU.ActiveCfg = Release|Any CPU
		{23495748-9938-4357-AC84-D3774BF179D1}.Release|Any CPU.Build.0 = Release|Any CPU
		{6CFB8DD2-EE07-490B-913F-07F7EF272F51}.Debug|Any CPU.ActiveCfg = Debug|Any CPU
		{6CFB8DD2-EE07-490B-913F-07F7EF272F51}.Debug|Any CPU.Build.0 = Debug|Any CPU
		{6CFB8DD2-EE07-490B-913F-07F7EF272F51}.Release|Any CPU.ActiveCfg = Release|Any CPU
		{6CFB8DD2-EE07-490B-913F-07F7EF272F51}.Release|Any CPU.Build.0 = Release|Any CPU
		{85E6E5AF-BA3B-43D3-B9E2-2FCAE0576950}.Debug|Any CPU.ActiveCfg = Debug|Any CPU
		{85E6E5AF-BA3B-43D3-B9E2-2FCAE0576950}.Debug|Any CPU.Build.0 = Debug|Any CPU
		{85E6E5AF-BA3B-43D3-B9E2-2FCAE0576950}.Release|Any CPU.ActiveCfg = Release|Any CPU
		{85E6E5AF-BA3B-43D3-B9E2-2FCAE0576950}.Release|Any CPU.Build.0 = Release|Any CPU
		{18B42EB0-22F2-4056-A9AE-5FCBD4749650}.Debug|Any CPU.ActiveCfg = Debug|Any CPU
		{18B42EB0-22F2-4056-A9AE-5FCBD4749650}.Debug|Any CPU.Build.0 = Debug|Any CPU
		{18B42EB0-22F2-4056-A9AE-5FCBD4749650}.Release|Any CPU.ActiveCfg = Release|Any CPU
		{18B42EB0-22F2-4056-A9AE-5FCBD4749650}.Release|Any CPU.Build.0 = Release|Any CPU
		{ED3D35B9-EC92-42CC-A69F-8F3B32670ED4}.Debug|Any CPU.ActiveCfg = Debug|Any CPU
		{ED3D35B9-EC92-42CC-A69F-8F3B32670ED4}.Debug|Any CPU.Build.0 = Debug|Any CPU
		{ED3D35B9-EC92-42CC-A69F-8F3B32670ED4}.Release|Any CPU.ActiveCfg = Release|Any CPU
		{ED3D35B9-EC92-42CC-A69F-8F3B32670ED4}.Release|Any CPU.Build.0 = Release|Any CPU
		{CDC57A80-B9A3-4DD2-8801-720657C5B84C}.Debug|Any CPU.ActiveCfg = Debug|Any CPU
		{CDC57A80-B9A3-4DD2-8801-720657C5B84C}.Debug|Any CPU.Build.0 = Debug|Any CPU
		{CDC57A80-B9A3-4DD2-8801-720657C5B84C}.Release|Any CPU.ActiveCfg = Release|Any CPU
		{CDC57A80-B9A3-4DD2-8801-720657C5B84C}.Release|Any CPU.Build.0 = Release|Any CPU
		{7BF922E3-60EF-47C6-A071-480EC0D04ABB}.Debug|Any CPU.ActiveCfg = Debug|Any CPU
		{7BF922E3-60EF-47C6-A071-480EC0D04ABB}.Debug|Any CPU.Build.0 = Debug|Any CPU
		{7BF922E3-60EF-47C6-A071-480EC0D04ABB}.Release|Any CPU.ActiveCfg = Release|Any CPU
		{7BF922E3-60EF-47C6-A071-480EC0D04ABB}.Release|Any CPU.Build.0 = Release|Any CPU
		{078F21E7-1E7B-4575-8AA0-3C9FE1477CBE}.Debug|Any CPU.ActiveCfg = Debug|Any CPU
		{078F21E7-1E7B-4575-8AA0-3C9FE1477CBE}.Debug|Any CPU.Build.0 = Debug|Any CPU
		{078F21E7-1E7B-4575-8AA0-3C9FE1477CBE}.Release|Any CPU.ActiveCfg = Release|Any CPU
		{078F21E7-1E7B-4575-8AA0-3C9FE1477CBE}.Release|Any CPU.Build.0 = Release|Any CPU
	EndGlobalSection
	GlobalSection(SolutionProperties) = preSolution
		HideSolutionNode = FALSE
	EndGlobalSection
	GlobalSection(NestedProjects) = preSolution
		{2628FFE4-EFAD-4CF5-9E64-9890616912B3} = {DFC86D68-E76C-48B4-B36D-5B3EBBD456DF}
		{3361DC6B-FAB8-48F3-85A9-D7F082098CC8} = {3855EB0B-40D0-48B4-8452-3F50CC574653}
		{23FB2A5D-B2D0-4021-8E8B-94DDE10D710F} = {3361DC6B-FAB8-48F3-85A9-D7F082098CC8}
		{17B76C8B-CD3E-4A15-B7CA-50A920D6E2A2} = {3361DC6B-FAB8-48F3-85A9-D7F082098CC8}
		{70EDC5BE-A4B8-4F53-BCCA-2F92632930C5} = {3361DC6B-FAB8-48F3-85A9-D7F082098CC8}
		{C778699F-64BE-4B58-B380-C38C9085269D} = {23FB2A5D-B2D0-4021-8E8B-94DDE10D710F}
		{1859F2A5-9880-407A-8016-2B01D5F82077} = {23FB2A5D-B2D0-4021-8E8B-94DDE10D710F}
		{9EDACCFA-97BF-495E-89FC-57F551A1D95D} = {DFC86D68-E76C-48B4-B36D-5B3EBBD456DF}
		{CA4BC242-C07B-492E-887D-2F8D18D26C04} = {C778699F-64BE-4B58-B380-C38C9085269D}
		{A705502D-8F47-4E7B-9587-19548CB5FA83} = {1859F2A5-9880-407A-8016-2B01D5F82077}
		{23495748-9938-4357-AC84-D3774BF179D1} = {17B76C8B-CD3E-4A15-B7CA-50A920D6E2A2}
		{6CFB8DD2-EE07-490B-913F-07F7EF272F51} = {17B76C8B-CD3E-4A15-B7CA-50A920D6E2A2}
		{85E6E5AF-BA3B-43D3-B9E2-2FCAE0576950} = {70EDC5BE-A4B8-4F53-BCCA-2F92632930C5}
		{E5CAD3F3-2084-47D5-B297-C452083F9AA8} = {3855EB0B-40D0-48B4-8452-3F50CC574653}
		{FBDE66A1-8CB8-491E-AC27-5B5B6FB8590F} = {E5CAD3F3-2084-47D5-B297-C452083F9AA8}
		{2CE3376A-2E1F-4B8A-8FB8-2482192235DD} = {E5CAD3F3-2084-47D5-B297-C452083F9AA8}
		{FF1B3379-2A6C-414C-9FC6-62E7A4F864E4} = {E5CAD3F3-2084-47D5-B297-C452083F9AA8}
		{D7860CC9-93F8-4BB2-BDCE-FA93B11F2093} = {FBDE66A1-8CB8-491E-AC27-5B5B6FB8590F}
		{FDC572E2-9A2C-4CE5-8E3C-A26D7AE70A1A} = {FBDE66A1-8CB8-491E-AC27-5B5B6FB8590F}
		{18B42EB0-22F2-4056-A9AE-5FCBD4749650} = {D7860CC9-93F8-4BB2-BDCE-FA93B11F2093}
		{ED3D35B9-EC92-42CC-A69F-8F3B32670ED4} = {FDC572E2-9A2C-4CE5-8E3C-A26D7AE70A1A}
		{CDC57A80-B9A3-4DD2-8801-720657C5B84C} = {2CE3376A-2E1F-4B8A-8FB8-2482192235DD}
		{7BF922E3-60EF-47C6-A071-480EC0D04ABB} = {2CE3376A-2E1F-4B8A-8FB8-2482192235DD}
		{078F21E7-1E7B-4575-8AA0-3C9FE1477CBE} = {FF1B3379-2A6C-414C-9FC6-62E7A4F864E4}
	EndGlobalSection
	GlobalSection(ExtensibilityGlobals) = postSolution
		SolutionGuid = {859266C6-2FB8-4F8B-B4DC-D91071EFAA4E}
	EndGlobalSection
EndGlobal
